// !$*UTF8*$!
{
	archiveVersion = 1;
	classes = {
	};
	objectVersion = 51;
	objects = {

/* Begin PBXBuildFile section */
		3356D0FE25B70A4D00B4A256 /* AppDelegate.swift in Sources */ = {isa = PBXBuildFile; fileRef = 3356D0FD25B70A4D00B4A256 /* AppDelegate.swift */; };
		3356D10025B70A4D00B4A256 /* SceneDelegate.swift in Sources */ = {isa = PBXBuildFile; fileRef = 3356D0FF25B70A4D00B4A256 /* SceneDelegate.swift */; };
		3356D10225B70A4D00B4A256 /* CitiesWeatherViewController.swift in Sources */ = {isa = PBXBuildFile; fileRef = 3356D10125B70A4D00B4A256 /* CitiesWeatherViewController.swift */; };
		3356D10525B70A4D00B4A256 /* Main.storyboard in Resources */ = {isa = PBXBuildFile; fileRef = 3356D10325B70A4D00B4A256 /* Main.storyboard */; };
		3356D10725B70A4F00B4A256 /* Assets.xcassets in Resources */ = {isa = PBXBuildFile; fileRef = 3356D10625B70A4F00B4A256 /* Assets.xcassets */; };
		3356D10A25B70A4F00B4A256 /* LaunchScreen.storyboard in Resources */ = {isa = PBXBuildFile; fileRef = 3356D10825B70A4F00B4A256 /* LaunchScreen.storyboard */; };
		3356D11F25B7141100B4A256 /* AddCityViewController.swift in Sources */ = {isa = PBXBuildFile; fileRef = 3356D11E25B7141100B4A256 /* AddCityViewController.swift */; };
		3356D16D25B7308600B4A256 /* AddCityDelegate.swift in Sources */ = {isa = PBXBuildFile; fileRef = 3356D16C25B7308600B4A256 /* AddCityDelegate.swift */; };
		3356D17825B751E300B4A256 /* CityWeatherViewModel.swift in Sources */ = {isa = PBXBuildFile; fileRef = 3356D17725B751E300B4A256 /* CityWeatherViewModel.swift */; };
		3356D17B25B75E0100B4A256 /* CitiesWeatherListViewModel.swift in Sources */ = {isa = PBXBuildFile; fileRef = 3356D17A25B75E0100B4A256 /* CitiesWeatherListViewModel.swift */; };
		3356D17E25B768E600B4A256 /* CurrentCityWeatherCell.swift in Sources */ = {isa = PBXBuildFile; fileRef = 3356D17D25B768E600B4A256 /* CurrentCityWeatherCell.swift */; };
		3356D18225B76A9200B4A256 /* CitiesTableViewDataSource.swift in Sources */ = {isa = PBXBuildFile; fileRef = 3356D18125B76A9200B4A256 /* CitiesTableViewDataSource.swift */; };
		3356D19025B786C700B4A256 /* WeatherDetailsViewModel.swift in Sources */ = {isa = PBXBuildFile; fileRef = 3356D18F25B786C700B4A256 /* WeatherDetailsViewModel.swift */; };
		3356D19425B788B500B4A256 /* DailyTableViewDataSource.swift in Sources */ = {isa = PBXBuildFile; fileRef = 3356D19325B788B500B4A256 /* DailyTableViewDataSource.swift */; };
		3356D19725B788C400B4A256 /* HourlyCollectionViewDataSource.swift in Sources */ = {isa = PBXBuildFile; fileRef = 3356D19625B788C400B4A256 /* HourlyCollectionViewDataSource.swift */; };
		3356D19A25B78CF600B4A256 /* DailyTableViewCell.swift in Sources */ = {isa = PBXBuildFile; fileRef = 3356D19925B78CF600B4A256 /* DailyTableViewCell.swift */; };
		3356D19D25B78D0A00B4A256 /* HourlyCollectionViewCell.swift in Sources */ = {isa = PBXBuildFile; fileRef = 3356D19C25B78D0A00B4A256 /* HourlyCollectionViewCell.swift */; };
		3356D1A125B78E1D00B4A256 /* Extensions.swift in Sources */ = {isa = PBXBuildFile; fileRef = 3356D1A025B78E1D00B4A256 /* Extensions.swift */; };
		3356D1A925B7948300B4A256 /* WeatherDetailsViewController.swift in Sources */ = {isa = PBXBuildFile; fileRef = 3356D1A825B7948300B4A256 /* WeatherDetailsViewController.swift */; };
		C46B529A66E4D59170A70729 /* Pods_PSAWeatherAPP.framework in Frameworks */ = {isa = PBXBuildFile; fileRef = 3964A8A73BAAEC781B3DDD5F /* Pods_PSAWeatherAPP.framework */; };
/* End PBXBuildFile section */

/* Begin PBXFileReference section */
		3356D0FA25B70A4D00B4A256 /* PSAWeatherAPP.app */ = {isa = PBXFileReference; explicitFileType = wrapper.application; includeInIndex = 0; path = PSAWeatherAPP.app; sourceTree = BUILT_PRODUCTS_DIR; };
		3356D0FD25B70A4D00B4A256 /* AppDelegate.swift */ = {isa = PBXFileReference; lastKnownFileType = sourcecode.swift; path = AppDelegate.swift; sourceTree = "<group>"; };
		3356D0FF25B70A4D00B4A256 /* SceneDelegate.swift */ = {isa = PBXFileReference; lastKnownFileType = sourcecode.swift; path = SceneDelegate.swift; sourceTree = "<group>"; };
		3356D10125B70A4D00B4A256 /* CitiesWeatherViewController.swift */ = {isa = PBXFileReference; lastKnownFileType = sourcecode.swift; path = CitiesWeatherViewController.swift; sourceTree = "<group>"; };
		3356D10425B70A4D00B4A256 /* Base */ = {isa = PBXFileReference; lastKnownFileType = file.storyboard; name = Base; path = Base.lproj/Main.storyboard; sourceTree = "<group>"; };
		3356D10625B70A4F00B4A256 /* Assets.xcassets */ = {isa = PBXFileReference; lastKnownFileType = folder.assetcatalog; path = Assets.xcassets; sourceTree = "<group>"; };
		3356D10925B70A4F00B4A256 /* Base */ = {isa = PBXFileReference; lastKnownFileType = file.storyboard; name = Base; path = Base.lproj/LaunchScreen.storyboard; sourceTree = "<group>"; };
		3356D10B25B70A4F00B4A256 /* Info.plist */ = {isa = PBXFileReference; lastKnownFileType = text.plist.xml; path = Info.plist; sourceTree = "<group>"; };
		3356D11E25B7141100B4A256 /* AddCityViewController.swift */ = {isa = PBXFileReference; lastKnownFileType = sourcecode.swift; path = AddCityViewController.swift; sourceTree = "<group>"; };
		3356D16C25B7308600B4A256 /* AddCityDelegate.swift */ = {isa = PBXFileReference; lastKnownFileType = sourcecode.swift; path = AddCityDelegate.swift; sourceTree = "<group>"; };
		3356D17725B751E300B4A256 /* CityWeatherViewModel.swift */ = {isa = PBXFileReference; lastKnownFileType = sourcecode.swift; path = CityWeatherViewModel.swift; sourceTree = "<group>"; };
		3356D17A25B75E0100B4A256 /* CitiesWeatherListViewModel.swift */ = {isa = PBXFileReference; lastKnownFileType = sourcecode.swift; path = CitiesWeatherListViewModel.swift; sourceTree = "<group>"; };
		3356D17D25B768E600B4A256 /* CurrentCityWeatherCell.swift */ = {isa = PBXFileReference; lastKnownFileType = sourcecode.swift; path = CurrentCityWeatherCell.swift; sourceTree = "<group>"; };
		3356D18125B76A9200B4A256 /* CitiesTableViewDataSource.swift */ = {isa = PBXFileReference; lastKnownFileType = sourcecode.swift; path = CitiesTableViewDataSource.swift; sourceTree = "<group>"; };
		3356D18F25B786C700B4A256 /* WeatherDetailsViewModel.swift */ = {isa = PBXFileReference; lastKnownFileType = sourcecode.swift; path = WeatherDetailsViewModel.swift; sourceTree = "<group>"; };
		3356D19325B788B500B4A256 /* DailyTableViewDataSource.swift */ = {isa = PBXFileReference; lastKnownFileType = sourcecode.swift; path = DailyTableViewDataSource.swift; sourceTree = "<group>"; };
		3356D19625B788C400B4A256 /* HourlyCollectionViewDataSource.swift */ = {isa = PBXFileReference; lastKnownFileType = sourcecode.swift; path = HourlyCollectionViewDataSource.swift; sourceTree = "<group>"; };
		3356D19925B78CF600B4A256 /* DailyTableViewCell.swift */ = {isa = PBXFileReference; lastKnownFileType = sourcecode.swift; path = DailyTableViewCell.swift; sourceTree = "<group>"; };
		3356D19C25B78D0A00B4A256 /* HourlyCollectionViewCell.swift */ = {isa = PBXFileReference; lastKnownFileType = sourcecode.swift; path = HourlyCollectionViewCell.swift; sourceTree = "<group>"; };
		3356D1A025B78E1D00B4A256 /* Extensions.swift */ = {isa = PBXFileReference; lastKnownFileType = sourcecode.swift; path = Extensions.swift; sourceTree = "<group>"; };
		3356D1A825B7948300B4A256 /* WeatherDetailsViewController.swift */ = {isa = PBXFileReference; lastKnownFileType = sourcecode.swift; path = WeatherDetailsViewController.swift; sourceTree = "<group>"; };
		3964A8A73BAAEC781B3DDD5F /* Pods_PSAWeatherAPP.framework */ = {isa = PBXFileReference; explicitFileType = wrapper.framework; includeInIndex = 0; path = Pods_PSAWeatherAPP.framework; sourceTree = BUILT_PRODUCTS_DIR; };
		3C73CF94A483B5F44F94E8C4 /* Pods-PSAWeatherAPP.release.xcconfig */ = {isa = PBXFileReference; includeInIndex = 1; lastKnownFileType = text.xcconfig; name = "Pods-PSAWeatherAPP.release.xcconfig"; path = "Target Support Files/Pods-PSAWeatherAPP/Pods-PSAWeatherAPP.release.xcconfig"; sourceTree = "<group>"; };
		6F7F143FA7DBAE1D7BF9EDD7 /* Pods-PSAWeatherAPP.debug.xcconfig */ = {isa = PBXFileReference; includeInIndex = 1; lastKnownFileType = text.xcconfig; name = "Pods-PSAWeatherAPP.debug.xcconfig"; path = "Target Support Files/Pods-PSAWeatherAPP/Pods-PSAWeatherAPP.debug.xcconfig"; sourceTree = "<group>"; };
/* End PBXFileReference section */

/* Begin PBXFrameworksBuildPhase section */
		3356D0F725B70A4D00B4A256 /* Frameworks */ = {
			isa = PBXFrameworksBuildPhase;
			buildActionMask = 2147483647;
			files = (
				C46B529A66E4D59170A70729 /* Pods_PSAWeatherAPP.framework in Frameworks */,
			);
			runOnlyForDeploymentPostprocessing = 0;
		};
/* End PBXFrameworksBuildPhase section */

/* Begin PBXGroup section */
		3356D0F125B70A4D00B4A256 = {
			isa = PBXGroup;
			children = (
				3356D0FC25B70A4D00B4A256 /* PSAWeatherAPP */,
				3356D0FB25B70A4D00B4A256 /* Products */,
				C89C229DD6FDE9D2C347EC5B /* Pods */,
				92C004DC6DB6A60555A97BAF /* Frameworks */,
			);
			sourceTree = "<group>";
		};
		3356D0FB25B70A4D00B4A256 /* Products */ = {
			isa = PBXGroup;
			children = (
				3356D0FA25B70A4D00B4A256 /* PSAWeatherAPP.app */,
			);
			name = Products;
			sourceTree = "<group>";
		};
		3356D0FC25B70A4D00B4A256 /* PSAWeatherAPP */ = {
			isa = PBXGroup;
			children = (
				3356D19F25B78E0F00B4A256 /* Utils */,
				3356D11925B70F2B00B4A256 /* WeatherDetailsModule */,
				3356D11825B70F0B00B4A256 /* CtitiesWeatherListModule */,
				3356D11725B70EF900B4A256 /* AddCityModule */,
				3356D0FD25B70A4D00B4A256 /* AppDelegate.swift */,
				3356D0FF25B70A4D00B4A256 /* SceneDelegate.swift */,
				3356D10325B70A4D00B4A256 /* Main.storyboard */,
				3356D10625B70A4F00B4A256 /* Assets.xcassets */,
				3356D10825B70A4F00B4A256 /* LaunchScreen.storyboard */,
				3356D10B25B70A4F00B4A256 /* Info.plist */,
			);
			path = PSAWeatherAPP;
			sourceTree = "<group>";
		};
		3356D11725B70EF900B4A256 /* AddCityModule */ = {
			isa = PBXGroup;
			children = (
				3356D16B25B7306C00B4A256 /* Protocol */,
				3356D11D25B713F700B4A256 /* View */,
				3356D11C25B713DE00B4A256 /* ViewModel */,
			);
			path = AddCityModule;
			sourceTree = "<group>";
		};
		3356D11825B70F0B00B4A256 /* CtitiesWeatherListModule */ = {
			isa = PBXGroup;
			children = (
				3356D18025B76A7C00B4A256 /* DataSource */,
				3356D17625B7517900B4A256 /* View */,
				3356D17525B7517100B4A256 /* ViewModels */,
			);
			path = CtitiesWeatherListModule;
			sourceTree = "<group>";
		};
		3356D11925B70F2B00B4A256 /* WeatherDetailsModule */ = {
			isa = PBXGroup;
			children = (
				3356D18E25B785BF00B4A256 /* DataSource */,
				3356D18D25B785B800B4A256 /* ViewModels */,
				3356D18C25B785B200B4A256 /* View */,
			);
			path = WeatherDetailsModule;
			sourceTree = "<group>";
		};
		3356D11C25B713DE00B4A256 /* ViewModel */ = {
			isa = PBXGroup;
			children = (
			);
			path = ViewModel;
			sourceTree = "<group>";
		};
		3356D11D25B713F700B4A256 /* View */ = {
			isa = PBXGroup;
			children = (
				3356D11E25B7141100B4A256 /* AddCityViewController.swift */,
			);
			path = View;
			sourceTree = "<group>";
		};
		3356D16B25B7306C00B4A256 /* Protocol */ = {
			isa = PBXGroup;
			children = (
				3356D16C25B7308600B4A256 /* AddCityDelegate.swift */,
			);
			path = Protocol;
			sourceTree = "<group>";
		};
		3356D17525B7517100B4A256 /* ViewModels */ = {
			isa = PBXGroup;
			children = (
				3356D17725B751E300B4A256 /* CityWeatherViewModel.swift */,
				3356D17A25B75E0100B4A256 /* CitiesWeatherListViewModel.swift */,
			);
			path = ViewModels;
			sourceTree = "<group>";
		};
		3356D17625B7517900B4A256 /* View */ = {
			isa = PBXGroup;
			children = (
				3356D17D25B768E600B4A256 /* CurrentCityWeatherCell.swift */,
				3356D10125B70A4D00B4A256 /* CitiesWeatherViewController.swift */,
			);
			path = View;
			sourceTree = "<group>";
		};
		3356D18025B76A7C00B4A256 /* DataSource */ = {
			isa = PBXGroup;
			children = (
				3356D18125B76A9200B4A256 /* CitiesTableViewDataSource.swift */,
			);
			path = DataSource;
			sourceTree = "<group>";
		};
		3356D18C25B785B200B4A256 /* View */ = {
			isa = PBXGroup;
			children = (
				3356D19925B78CF600B4A256 /* DailyTableViewCell.swift */,
				3356D19C25B78D0A00B4A256 /* HourlyCollectionViewCell.swift */,
				3356D1A825B7948300B4A256 /* WeatherDetailsViewController.swift */,
			);
			path = View;
			sourceTree = "<group>";
		};
		3356D18D25B785B800B4A256 /* ViewModels */ = {
			isa = PBXGroup;
			children = (
				3356D18F25B786C700B4A256 /* WeatherDetailsViewModel.swift */,
			);
			path = ViewModels;
			sourceTree = "<group>";
		};
		3356D18E25B785BF00B4A256 /* DataSource */ = {
			isa = PBXGroup;
			children = (
				3356D19325B788B500B4A256 /* DailyTableViewDataSource.swift */,
				3356D19625B788C400B4A256 /* HourlyCollectionViewDataSource.swift */,
			);
			path = DataSource;
			sourceTree = "<group>";
		};
		3356D19F25B78E0F00B4A256 /* Utils */ = {
			isa = PBXGroup;
			children = (
				3356D1A025B78E1D00B4A256 /* Extensions.swift */,
			);
			path = Utils;
			sourceTree = "<group>";
		};
		92C004DC6DB6A60555A97BAF /* Frameworks */ = {
			isa = PBXGroup;
			children = (
				3964A8A73BAAEC781B3DDD5F /* Pods_PSAWeatherAPP.framework */,
			);
			name = Frameworks;
			sourceTree = "<group>";
		};
		C89C229DD6FDE9D2C347EC5B /* Pods */ = {
			isa = PBXGroup;
			children = (
				6F7F143FA7DBAE1D7BF9EDD7 /* Pods-PSAWeatherAPP.debug.xcconfig */,
				3C73CF94A483B5F44F94E8C4 /* Pods-PSAWeatherAPP.release.xcconfig */,
			);
			path = Pods;
			sourceTree = "<group>";
		};
/* End PBXGroup section */

/* Begin PBXNativeTarget section */
		3356D0F925B70A4D00B4A256 /* PSAWeatherAPP */ = {
			isa = PBXNativeTarget;
			buildConfigurationList = 3356D10E25B70A4F00B4A256 /* Build configuration list for PBXNativeTarget "PSAWeatherAPP" */;
			buildPhases = (
				1B2A2DAC342963EEAEEE65D0 /* [CP] Check Pods Manifest.lock */,
				3356D0F625B70A4D00B4A256 /* Sources */,
				3356D0F725B70A4D00B4A256 /* Frameworks */,
				3356D0F825B70A4D00B4A256 /* Resources */,
				D434D7403A292253AD7DD27E /* [CP] Embed Pods Frameworks */,
			);
			buildRules = (
			);
			dependencies = (
			);
			name = PSAWeatherAPP;
			productName = PSAWeatherAPP;
			productReference = 3356D0FA25B70A4D00B4A256 /* PSAWeatherAPP.app */;
			productType = "com.apple.product-type.application";
		};
/* End PBXNativeTarget section */

/* Begin PBXProject section */
		3356D0F225B70A4D00B4A256 /* Project object */ = {
			isa = PBXProject;
			attributes = {
				LastSwiftUpdateCheck = 1230;
				LastUpgradeCheck = 1230;
				TargetAttributes = {
					3356D0F925B70A4D00B4A256 = {
						CreatedOnToolsVersion = 12.3;
					};
				};
			};
			buildConfigurationList = 3356D0F525B70A4D00B4A256 /* Build configuration list for PBXProject "PSAWeatherAPP" */;
			compatibilityVersion = "Xcode 9.3";
			developmentRegion = en;
			hasScannedForEncodings = 0;
			knownRegions = (
				en,
				Base,
			);
			mainGroup = 3356D0F125B70A4D00B4A256;
			productRefGroup = 3356D0FB25B70A4D00B4A256 /* Products */;
			projectDirPath = "";
			projectRoot = "";
			targets = (
				3356D0F925B70A4D00B4A256 /* PSAWeatherAPP */,
			);
		};
/* End PBXProject section */

/* Begin PBXResourcesBuildPhase section */
		3356D0F825B70A4D00B4A256 /* Resources */ = {
			isa = PBXResourcesBuildPhase;
			buildActionMask = 2147483647;
			files = (
				3356D10A25B70A4F00B4A256 /* LaunchScreen.storyboard in Resources */,
				3356D10725B70A4F00B4A256 /* Assets.xcassets in Resources */,
				3356D10525B70A4D00B4A256 /* Main.storyboard in Resources */,
			);
			runOnlyForDeploymentPostprocessing = 0;
		};
/* End PBXResourcesBuildPhase section */

/* Begin PBXShellScriptBuildPhase section */
		1B2A2DAC342963EEAEEE65D0 /* [CP] Check Pods Manifest.lock */ = {
			isa = PBXShellScriptBuildPhase;
			buildActionMask = 2147483647;
			files = (
			);
			inputFileListPaths = (
			);
			inputPaths = (
				"${PODS_PODFILE_DIR_PATH}/Podfile.lock",
				"${PODS_ROOT}/Manifest.lock",
			);
			name = "[CP] Check Pods Manifest.lock";
			outputFileListPaths = (
			);
			outputPaths = (
				"$(DERIVED_FILE_DIR)/Pods-PSAWeatherAPP-checkManifestLockResult.txt",
			);
			runOnlyForDeploymentPostprocessing = 0;
			shellPath = /bin/sh;
			shellScript = "diff \"${PODS_PODFILE_DIR_PATH}/Podfile.lock\" \"${PODS_ROOT}/Manifest.lock\" > /dev/null\nif [ $? != 0 ] ; then\n    # print error to STDERR\n    echo \"error: The sandbox is not in sync with the Podfile.lock. Run 'pod install' or update your CocoaPods installation.\" >&2\n    exit 1\nfi\n# This output is used by Xcode 'outputs' to avoid re-running this script phase.\necho \"SUCCESS\" > \"${SCRIPT_OUTPUT_FILE_0}\"\n";
			showEnvVarsInLog = 0;
		};
		D434D7403A292253AD7DD27E /* [CP] Embed Pods Frameworks */ = {
			isa = PBXShellScriptBuildPhase;
			buildActionMask = 2147483647;
			files = (
			);
			inputFileListPaths = (
				"${PODS_ROOT}/Target Support Files/Pods-PSAWeatherAPP/Pods-PSAWeatherAPP-frameworks-${CONFIGURATION}-input-files.xcfilelist",
			);
			name = "[CP] Embed Pods Frameworks";
			outputFileListPaths = (
				"${PODS_ROOT}/Target Support Files/Pods-PSAWeatherAPP/Pods-PSAWeatherAPP-frameworks-${CONFIGURATION}-output-files.xcfilelist",
			);
			runOnlyForDeploymentPostprocessing = 0;
			shellPath = /bin/sh;
			shellScript = "\"${PODS_ROOT}/Target Support Files/Pods-PSAWeatherAPP/Pods-PSAWeatherAPP-frameworks.sh\"\n";
			showEnvVarsInLog = 0;
		};
/* End PBXShellScriptBuildPhase section */

/* Begin PBXSourcesBuildPhase section */
		3356D0F625B70A4D00B4A256 /* Sources */ = {
			isa = PBXSourcesBuildPhase;
			buildActionMask = 2147483647;
			files = (
				3356D10225B70A4D00B4A256 /* CitiesWeatherViewController.swift in Sources */,
				3356D17B25B75E0100B4A256 /* CitiesWeatherListViewModel.swift in Sources */,
				3356D0FE25B70A4D00B4A256 /* AppDelegate.swift in Sources */,
				3356D17E25B768E600B4A256 /* CurrentCityWeatherCell.swift in Sources */,
				3356D18225B76A9200B4A256 /* CitiesTableViewDataSource.swift in Sources */,
				3356D17825B751E300B4A256 /* CityWeatherViewModel.swift in Sources */,
				3356D19025B786C700B4A256 /* WeatherDetailsViewModel.swift in Sources */,
				3356D19D25B78D0A00B4A256 /* HourlyCollectionViewCell.swift in Sources */,
				3356D16D25B7308600B4A256 /* AddCityDelegate.swift in Sources */,
				3356D19A25B78CF600B4A256 /* DailyTableViewCell.swift in Sources */,
				3356D1A925B7948300B4A256 /* WeatherDetailsViewController.swift in Sources */,
				3356D1A125B78E1D00B4A256 /* Extensions.swift in Sources */,
				3356D19725B788C400B4A256 /* HourlyCollectionViewDataSource.swift in Sources */,
				3356D10025B70A4D00B4A256 /* SceneDelegate.swift in Sources */,
				3356D11F25B7141100B4A256 /* AddCityViewController.swift in Sources */,
				3356D19425B788B500B4A256 /* DailyTableViewDataSource.swift in Sources */,
			);
			runOnlyForDeploymentPostprocessing = 0;
		};
/* End PBXSourcesBuildPhase section */

/* Begin PBXVariantGroup section */
		3356D10325B70A4D00B4A256 /* Main.storyboard */ = {
			isa = PBXVariantGroup;
			children = (
				3356D10425B70A4D00B4A256 /* Base */,
			);
			name = Main.storyboard;
			sourceTree = "<group>";
		};
		3356D10825B70A4F00B4A256 /* LaunchScreen.storyboard */ = {
			isa = PBXVariantGroup;
			children = (
				3356D10925B70A4F00B4A256 /* Base */,
			);
			name = LaunchScreen.storyboard;
			sourceTree = "<group>";
		};
/* End PBXVariantGroup section */

/* Begin XCBuildConfiguration section */
		3356D10C25B70A4F00B4A256 /* Debug */ = {
			isa = XCBuildConfiguration;
			buildSettings = {
				ALWAYS_SEARCH_USER_PATHS = NO;
				CLANG_ANALYZER_NONNULL = YES;
				CLANG_ANALYZER_NUMBER_OBJECT_CONVERSION = YES_AGGRESSIVE;
				CLANG_CXX_LANGUAGE_STANDARD = "gnu++14";
				CLANG_CXX_LIBRARY = "libc++";
				CLANG_ENABLE_MODULES = YES;
				CLANG_ENABLE_OBJC_ARC = YES;
				CLANG_ENABLE_OBJC_WEAK = YES;
				CLANG_WARN_BLOCK_CAPTURE_AUTORELEASING = YES;
				CLANG_WARN_BOOL_CONVERSION = YES;
				CLANG_WARN_COMMA = YES;
				CLANG_WARN_CONSTANT_CONVERSION = YES;
				CLANG_WARN_DEPRECATED_OBJC_IMPLEMENTATIONS = YES;
				CLANG_WARN_DIRECT_OBJC_ISA_USAGE = YES_ERROR;
				CLANG_WARN_DOCUMENTATION_COMMENTS = YES;
				CLANG_WARN_EMPTY_BODY = YES;
				CLANG_WARN_ENUM_CONVERSION = YES;
				CLANG_WARN_INFINITE_RECURSION = YES;
				CLANG_WARN_INT_CONVERSION = YES;
				CLANG_WARN_NON_LITERAL_NULL_CONVERSION = YES;
				CLANG_WARN_OBJC_IMPLICIT_RETAIN_SELF = YES;
				CLANG_WARN_OBJC_LITERAL_CONVERSION = YES;
				CLANG_WARN_OBJC_ROOT_CLASS = YES_ERROR;
				CLANG_WARN_QUOTED_INCLUDE_IN_FRAMEWORK_HEADER = YES;
				CLANG_WARN_RANGE_LOOP_ANALYSIS = YES;
				CLANG_WARN_STRICT_PROTOTYPES = YES;
				CLANG_WARN_SUSPICIOUS_MOVE = YES;
				CLANG_WARN_UNGUARDED_AVAILABILITY = YES_AGGRESSIVE;
				CLANG_WARN_UNREACHABLE_CODE = YES;
				CLANG_WARN__DUPLICATE_METHOD_MATCH = YES;
				COPY_PHASE_STRIP = NO;
				DEBUG_INFORMATION_FORMAT = dwarf;
				ENABLE_STRICT_OBJC_MSGSEND = YES;
				ENABLE_TESTABILITY = YES;
				GCC_C_LANGUAGE_STANDARD = gnu11;
				GCC_DYNAMIC_NO_PIC = NO;
				GCC_NO_COMMON_BLOCKS = YES;
				GCC_OPTIMIZATION_LEVEL = 0;
				GCC_PREPROCESSOR_DEFINITIONS = (
					"DEBUG=1",
					"$(inherited)",
				);
				GCC_WARN_64_TO_32_BIT_CONVERSION = YES;
				GCC_WARN_ABOUT_RETURN_TYPE = YES_ERROR;
				GCC_WARN_UNDECLARED_SELECTOR = YES;
				GCC_WARN_UNINITIALIZED_AUTOS = YES_AGGRESSIVE;
				GCC_WARN_UNUSED_FUNCTION = YES;
				GCC_WARN_UNUSED_VARIABLE = YES;
				IPHONEOS_DEPLOYMENT_TARGET = 11.0;
				MTL_ENABLE_DEBUG_INFO = INCLUDE_SOURCE;
				MTL_FAST_MATH = YES;
				ONLY_ACTIVE_ARCH = YES;
				SDKROOT = iphoneos;
				SWIFT_ACTIVE_COMPILATION_CONDITIONS = DEBUG;
				SWIFT_OPTIMIZATION_LEVEL = "-Onone";
			};
			name = Debug;
		};
		3356D10D25B70A4F00B4A256 /* Release */ = {
			isa = XCBuildConfiguration;
			buildSettings = {
				ALWAYS_SEARCH_USER_PATHS = NO;
				CLANG_ANALYZER_NONNULL = YES;
				CLANG_ANALYZER_NUMBER_OBJECT_CONVERSION = YES_AGGRESSIVE;
				CLANG_CXX_LANGUAGE_STANDARD = "gnu++14";
				CLANG_CXX_LIBRARY = "libc++";
				CLANG_ENABLE_MODULES = YES;
				CLANG_ENABLE_OBJC_ARC = YES;
				CLANG_ENABLE_OBJC_WEAK = YES;
				CLANG_WARN_BLOCK_CAPTURE_AUTORELEASING = YES;
				CLANG_WARN_BOOL_CONVERSION = YES;
				CLANG_WARN_COMMA = YES;
				CLANG_WARN_CONSTANT_CONVERSION = YES;
				CLANG_WARN_DEPRECATED_OBJC_IMPLEMENTATIONS = YES;
				CLANG_WARN_DIRECT_OBJC_ISA_USAGE = YES_ERROR;
				CLANG_WARN_DOCUMENTATION_COMMENTS = YES;
				CLANG_WARN_EMPTY_BODY = YES;
				CLANG_WARN_ENUM_CONVERSION = YES;
				CLANG_WARN_INFINITE_RECURSION = YES;
				CLANG_WARN_INT_CONVERSION = YES;
				CLANG_WARN_NON_LITERAL_NULL_CONVERSION = YES;
				CLANG_WARN_OBJC_IMPLICIT_RETAIN_SELF = YES;
				CLANG_WARN_OBJC_LITERAL_CONVERSION = YES;
				CLANG_WARN_OBJC_ROOT_CLASS = YES_ERROR;
				CLANG_WARN_QUOTED_INCLUDE_IN_FRAMEWORK_HEADER = YES;
				CLANG_WARN_RANGE_LOOP_ANALYSIS = YES;
				CLANG_WARN_STRICT_PROTOTYPES = YES;
				CLANG_WARN_SUSPICIOUS_MOVE = YES;
				CLANG_WARN_UNGUARDED_AVAILABILITY = YES_AGGRESSIVE;
				CLANG_WARN_UNREACHABLE_CODE = YES;
				CLANG_WARN__DUPLICATE_METHOD_MATCH = YES;
				COPY_PHASE_STRIP = NO;
				DEBUG_INFORMATION_FORMAT = "dwarf-with-dsym";
				ENABLE_NS_ASSERTIONS = NO;
				ENABLE_STRICT_OBJC_MSGSEND = YES;
				GCC_C_LANGUAGE_STANDARD = gnu11;
				GCC_NO_COMMON_BLOCKS = YES;
				GCC_WARN_64_TO_32_BIT_CONVERSION = YES;
				GCC_WARN_ABOUT_RETURN_TYPE = YES_ERROR;
				GCC_WARN_UNDECLARED_SELECTOR = YES;
				GCC_WARN_UNINITIALIZED_AUTOS = YES_AGGRESSIVE;
				GCC_WARN_UNUSED_FUNCTION = YES;
				GCC_WARN_UNUSED_VARIABLE = YES;
				IPHONEOS_DEPLOYMENT_TARGET = 11.0;
				MTL_ENABLE_DEBUG_INFO = NO;
				MTL_FAST_MATH = YES;
				SDKROOT = iphoneos;
				SWIFT_COMPILATION_MODE = wholemodule;
				SWIFT_OPTIMIZATION_LEVEL = "-O";
				VALIDATE_PRODUCT = YES;
			};
			name = Release;
		};
		3356D10F25B70A4F00B4A256 /* Debug */ = {
			isa = XCBuildConfiguration;
			baseConfigurationReference = 6F7F143FA7DBAE1D7BF9EDD7 /* Pods-PSAWeatherAPP.debug.xcconfig */;
			buildSettings = {
				ASSETCATALOG_COMPILER_APPICON_NAME = AppIcon;
				ASSETCATALOG_COMPILER_GLOBAL_ACCENT_COLOR_NAME = AccentColor;
				CODE_SIGN_STYLE = Automatic;
				DEVELOPMENT_TEAM = QNE5589RRR;
				INFOPLIST_FILE = PSAWeatherAPP/Info.plist;
				LD_RUNPATH_SEARCH_PATHS = (
					"$(inherited)",
					"@executable_path/Frameworks",
				);
				PRODUCT_BUNDLE_IDENTIFIER = com.amine.PSAWeatherAPP;
				PRODUCT_NAME = "$(TARGET_NAME)";
				SWIFT_VERSION = 5.0;
				TARGETED_DEVICE_FAMILY = "1,2";
			};
			name = Debug;
		};
		3356D11025B70A4F00B4A256 /* Release */ = {
			isa = XCBuildConfiguration;
			baseConfigurationReference = 3C73CF94A483B5F44F94E8C4 /* Pods-PSAWeatherAPP.release.xcconfig */;
			buildSettings = {
				ASSETCATALOG_COMPILER_APPICON_NAME = AppIcon;
				ASSETCATALOG_COMPILER_GLOBAL_ACCENT_COLOR_NAME = AccentColor;
				CODE_SIGN_STYLE = Automatic;
				DEVELOPMENT_TEAM = QNE5589RRR;
				INFOPLIST_FILE = PSAWeatherAPP/Info.plist;
				LD_RUNPATH_SEARCH_PATHS = (
					"$(inherited)",
					"@executable_path/Frameworks",
				);
				PRODUCT_BUNDLE_IDENTIFIER = com.amine.PSAWeatherAPP;
				PRODUCT_NAME = "$(TARGET_NAME)";
				SWIFT_VERSION = 5.0;
				TARGETED_DEVICE_FAMILY = "1,2";
			};
			name = Release;
		};
/* End XCBuildConfiguration section */

/* Begin XCConfigurationList section */
		3356D0F525B70A4D00B4A256 /* Build configuration list for PBXProject "PSAWeatherAPP" */ = {
			isa = XCConfigurationList;
			buildConfigurations = (
				3356D10C25B70A4F00B4A256 /* Debug */,
				3356D10D25B70A4F00B4A256 /* Release */,
			);
			defaultConfigurationIsVisible = 0;
			defaultConfigurationName = Release;
		};
		3356D10E25B70A4F00B4A256 /* Build configuration list for PBXNativeTarget "PSAWeatherAPP" */ = {
			isa = XCConfigurationList;
			buildConfigurations = (
				3356D10F25B70A4F00B4A256 /* Debug */,
				3356D11025B70A4F00B4A256 /* Release */,
			);
			defaultConfigurationIsVisible = 0;
			defaultConfigurationName = Release;
		};
/* End XCConfigurationList section */
	};
	rootObject = 3356D0F225B70A4D00B4A256 /* Project object */;
}
